
Microsoft Visual Studio Solution File, Format Version 12.00
# Visual Studio 14
VisualStudioVersion = 14.0.25420.1
MinimumVisualStudioVersion = 10.0.40219.1
Project("{FAE04EC0-301F-11D3-BF4B-00C04F79EFBC}") = "SinglePage", "SinglePage\SinglePage.csproj", "{9546FC90-7259-46E0-BBE1-477932E1A3A6}"
EndProject
Project("{FAE04EC0-301F-11D3-BF4B-00C04F79EFBC}") = "SinglePage.Tests", "SinglePage.Tests\SinglePage.Tests.csproj", "{002C56BC-AE03-461D-B28B-D9CB8C8C073D}"
EndProject
Global
	GlobalSection(SolutionConfigurationPlatforms) = preSolution
		Debug|Any CPU = Debug|Any CPU
		Release|Any CPU = Release|Any CPU
	EndGlobalSection
	GlobalSection(ProjectConfigurationPlatforms) = postSolution
		{9546FC90-7259-46E0-BBE1-477932E1A3A6}.Debug|Any CPU.ActiveCfg = Debug|Any CPU
		{9546FC90-7259-46E0-BBE1-477932E1A3A6}.Debug|Any CPU.Build.0 = Debug|Any CPU
		{9546FC90-7259-46E0-BBE1-477932E1A3A6}.Release|Any CPU.ActiveCfg = Release|Any CPU
		{9546FC90-7259-46E0-BBE1-477932E1A3A6}.Release|Any CPU.Build.0 = Release|Any CPU
		{002C56BC-AE03-461D-B28B-D9CB8C8C073D}.Debug|Any CPU.ActiveCfg = Debug|Any CPU
		{002C56BC-AE03-461D-B28B-D9CB8C8C073D}.Debug|Any CPU.Build.0 = Debug|Any CPU
		{002C56BC-AE03-461D-B28B-D9CB8C8C073D}.Release|Any CPU.ActiveCfg = Release|Any CPU
		{002C56BC-AE03-461D-B28B-D9CB8C8C073D}.Release|Any CPU.Build.0 = Release|Any CPU
	EndGlobalSection
	GlobalSection(SolutionProperties) = preSolution
		HideSolutionNode = FALSE
	EndGlobalSection
EndGlobal
